
Microsoft Visual Studio Solution File, Format Version 12.00
# Visual Studio 2013
VisualStudioVersion = 12.0.21005.1
MinimumVisualStudioVersion = 10.0.40219.1
Project("{FAE04EC0-301F-11D3-BF4B-00C04F79EFBC}") = "PriceArchive", "PriceArchive\PriceArchive.csproj", "{0BDCC608-E68B-4EA7-8677-CB1EF918E407}"
EndProject
Project("{FAE04EC0-301F-11D3-BF4B-00C04F79EFBC}") = "PriceArchive.Parser", "PriceArchive.Parser\PriceArchive.Parser.csproj", "{1173BF29-B32F-4377-96C3-C4CFA8A2C889}"
EndProject
Global
	GlobalSection(SolutionConfigurationPlatforms) = preSolution
		Debug|Any CPU = Debug|Any CPU
		Release|Any CPU = Release|Any CPU
	EndGlobalSection
	GlobalSection(ProjectConfigurationPlatforms) = postSolution
		{0BDCC608-E68B-4EA7-8677-CB1EF918E407}.Debug|Any CPU.ActiveCfg = Debug|Any CPU
		{0BDCC608-E68B-4EA7-8677-CB1EF918E407}.Debug|Any CPU.Build.0 = Debug|Any CPU
		{0BDCC608-E68B-4EA7-8677-CB1EF918E407}.Release|Any CPU.ActiveCfg = Release|Any CPU
		{0BDCC608-E68B-4EA7-8677-CB1EF918E407}.Release|Any CPU.Build.0 = Release|Any CPU
		{1173BF29-B32F-4377-96C3-C4CFA8A2C889}.Debug|Any CPU.ActiveCfg = Debug|Any CPU
		{1173BF29-B32F-4377-96C3-C4CFA8A2C889}.Debug|Any CPU.Build.0 = Debug|Any CPU
		{1173BF29-B32F-4377-96C3-C4CFA8A2C889}.Release|Any CPU.ActiveCfg = Release|Any CPU
		{1173BF29-B32F-4377-96C3-C4CFA8A2C889}.Release|Any CPU.Build.0 = Release|Any CPU
	EndGlobalSection
	GlobalSection(SolutionProperties) = preSolution
		HideSolutionNode = FALSE
	EndGlobalSection
EndGlobal
